{
  "name": "frontend",
  "version": "1.0.0",
  "lockfileVersion": 1,
  "requires": true,
  "dependencies": {
    "@tauri-apps/api": {
      "version": "1.0.1",
      "resolved": "https://mirrors.tencent.com/npm/@tauri-apps%2fapi/-/api-1.0.1.tgz",
      "integrity": "sha512-TJwKkXxtF52kN9Auu5TWD2AE4ssqTrsfdpIrixYwRb3gQ/FuYwvZjrMc9weYpgsW2cMhVNkvKgneNXF/4n04lw==",
      "requires": {
        "type-fest": "2.13.1"
      }
    },
    "type-fest": {
      "version": "2.13.1",
      "resolved": "https://mirrors.tencent.com/npm/type-fest/-/type-fest-2.13.1.tgz",
      "integrity": "sha512-hXYyrPFwETT2swFLHeoKtJrvSF/ftG/sA15/8nGaLuaDGfVAaq8DYFpu4yOyV4tzp082WqnTEoMsm3flKMI2FQ=="
    }
  }
}
